
Microsoft Visual Studio Solution File, Format Version 12.00
# Visual Studio Version 17
VisualStudioVersion = 17.10.35027.167
MinimumVisualStudioVersion = 10.0.40219.1
Project("{2150E333-8FDC-42A3-9474-1A3956D46DE8}") = "Unity", "Unity", "{D865698B-5CED-48F4-92BA-D70A7B2AA1AF}"
EndProject
Project("{9A19103F-16F7-4668-BE54-9A1E7A4F7556}") = "RapidNetworkLibrary", "Unity\RapidNetworkLibrary\RapidNetworkLibrary.csproj", "{F2A61E6A-1428-4EAB-B1EF-9D71189A6A3F}"
EndProject
Project("{9A19103F-16F7-4668-BE54-9A1E7A4F7556}") = "TestServer", "TestServer\TestServer.csproj", "{62493E88-F490-49AB-8C7C-0C5AAF4C8EEE}"
EndProject
Project("{9A19103F-16F7-4668-BE54-9A1E7A4F7556}") = "TestClient", "TestClient\TestClient.csproj", "{F6C26390-B99D-477A-A46A-2E06840C24AA}"
EndProject
Project("{2150E333-8FDC-42A3-9474-1A3956D46DE8}") = "Solution Items", "Solution Items", "{64296D5F-0380-4AC6-A930-AFC8201FB39B}"
	ProjectSection(SolutionItems) = preProject
		.editorconfig = .editorconfig
	EndProjectSection
EndProject
Project("{9A19103F-16F7-4668-BE54-9A1E7A4F7556}") = "TestServerProxy", "TestServerProxy\TestServerProxy.csproj", "{C0D2033C-2B2D-4710-A70E-F91A04B11768}"
EndProject
Project("{9A19103F-16F7-4668-BE54-9A1E7A4F7556}") = "ENet", "Unity\ENet\ENet.csproj", "{2040DF3D-96E8-425E-AB5D-70FFB8B6A233}"
EndProject
Global
	GlobalSection(SolutionConfigurationPlatforms) = preSolution
		ClientDebug|x64 = ClientDebug|x64
		Debug|x64 = Debug|x64
		ServerDebug|x64 = ServerDebug|x64
	EndGlobalSection
	GlobalSection(ProjectConfigurationPlatforms) = postSolution
		{F2A61E6A-1428-4EAB-B1EF-9D71189A6A3F}.ClientDebug|x64.ActiveCfg = ClientDebug|x64
		{F2A61E6A-1428-4EAB-B1EF-9D71189A6A3F}.ClientDebug|x64.Build.0 = ClientDebug|x64
		{F2A61E6A-1428-4EAB-B1EF-9D71189A6A3F}.Debug|x64.ActiveCfg = ServerDebug|x64
		{F2A61E6A-1428-4EAB-B1EF-9D71189A6A3F}.Debug|x64.Build.0 = ServerDebug|x64
		{F2A61E6A-1428-4EAB-B1EF-9D71189A6A3F}.ServerDebug|x64.ActiveCfg = ServerDebug|x64
		{F2A61E6A-1428-4EAB-B1EF-9D71189A6A3F}.ServerDebug|x64.Build.0 = ServerDebug|x64
		{62493E88-F490-49AB-8C7C-0C5AAF4C8EEE}.ClientDebug|x64.ActiveCfg = ClientDebug|x64
		{62493E88-F490-49AB-8C7C-0C5AAF4C8EEE}.Debug|x64.ActiveCfg = ServerDebug|x64
		{62493E88-F490-49AB-8C7C-0C5AAF4C8EEE}.Debug|x64.Build.0 = ServerDebug|x64
		{62493E88-F490-49AB-8C7C-0C5AAF4C8EEE}.ServerDebug|x64.ActiveCfg = ServerDebug|x64
		{62493E88-F490-49AB-8C7C-0C5AAF4C8EEE}.ServerDebug|x64.Build.0 = ServerDebug|x64
		{F6C26390-B99D-477A-A46A-2E06840C24AA}.ClientDebug|x64.ActiveCfg = ClientDebug|x64
		{F6C26390-B99D-477A-A46A-2E06840C24AA}.ClientDebug|x64.Build.0 = ClientDebug|x64
		{F6C26390-B99D-477A-A46A-2E06840C24AA}.Debug|x64.ActiveCfg = ServerDebug|x64
		{F6C26390-B99D-477A-A46A-2E06840C24AA}.Debug|x64.Build.0 = ServerDebug|x64
		{F6C26390-B99D-477A-A46A-2E06840C24AA}.ServerDebug|x64.ActiveCfg = ServerDebug|x64
		{C0D2033C-2B2D-4710-A70E-F91A04B11768}.ClientDebug|x64.ActiveCfg = ClientDebug|x64
		{C0D2033C-2B2D-4710-A70E-F91A04B11768}.Debug|x64.ActiveCfg = ServerDebug|x64
		{C0D2033C-2B2D-4710-A70E-F91A04B11768}.Debug|x64.Build.0 = ServerDebug|x64
		{C0D2033C-2B2D-4710-A70E-F91A04B11768}.ServerDebug|x64.ActiveCfg = ServerDebug|x64
		{C0D2033C-2B2D-4710-A70E-F91A04B11768}.ServerDebug|x64.Build.0 = ServerDebug|x64
		{2040DF3D-96E8-425E-AB5D-70FFB8B6A233}.ClientDebug|x64.ActiveCfg = ClientDebug|x64
		{2040DF3D-96E8-425E-AB5D-70FFB8B6A233}.ClientDebug|x64.Build.0 = ClientDebug|x64
		{2040DF3D-96E8-425E-AB5D-70FFB8B6A233}.Debug|x64.ActiveCfg = Debug|x64
		{2040DF3D-96E8-425E-AB5D-70FFB8B6A233}.Debug|x64.Build.0 = Debug|x64
		{2040DF3D-96E8-425E-AB5D-70FFB8B6A233}.ServerDebug|x64.ActiveCfg = ServerDebug|x64
		{2040DF3D-96E8-425E-AB5D-70FFB8B6A233}.ServerDebug|x64.Build.0 = ServerDebug|x64
	EndGlobalSection
	GlobalSection(SolutionProperties) = preSolution
		HideSolutionNode = FALSE
	EndGlobalSection
	GlobalSection(NestedProjects) = preSolution
		{F2A61E6A-1428-4EAB-B1EF-9D71189A6A3F} = {D865698B-5CED-48F4-92BA-D70A7B2AA1AF}
		{2040DF3D-96E8-425E-AB5D-70FFB8B6A233} = {D865698B-5CED-48F4-92BA-D70A7B2AA1AF}
	EndGlobalSection
	GlobalSection(ExtensibilityGlobals) = postSolution
		SolutionGuid = {11538501-846C-4CE7-9AA6-3D197CC5FDE1}
	EndGlobalSection
EndGlobal
