
Microsoft Visual Studio Solution File, Format Version 12.00
# Visual Studio Version 17
VisualStudioVersion = 17.11.35208.52
MinimumVisualStudioVersion = 10.0.40219.1
Project("{2150E333-8FDC-42A3-9474-1A3956D46DE8}") = "Solution Items", "Solution Items", "{64296D5F-0380-4AC6-A930-AFC8201FB39B}"
	ProjectSection(SolutionItems) = preProject
		.editorconfig = .editorconfig
	EndProjectSection
EndProject
Project("{9A19103F-16F7-4668-BE54-9A1E7A4F7556}") = "ENet", "ENet\ENet.csproj", "{F8E726FC-4996-4616-8BEE-4ED3B5C41503}"
EndProject
Project("{9A19103F-16F7-4668-BE54-9A1E7A4F7556}") = "RNet", "RNet\RNet.csproj", "{F0567100-4DC8-4199-9D4A-900C7CC76521}"
EndProject
Global
	GlobalSection(SolutionConfigurationPlatforms) = preSolution
		ClientDebug|x64 = ClientDebug|x64
		Debug|x64 = Debug|x64
		ServerDebug|x64 = ServerDebug|x64
	EndGlobalSection
	GlobalSection(ProjectConfigurationPlatforms) = postSolution
		{F8E726FC-4996-4616-8BEE-4ED3B5C41503}.ClientDebug|x64.ActiveCfg = ClientDebug|x64
		{F8E726FC-4996-4616-8BEE-4ED3B5C41503}.ClientDebug|x64.Build.0 = ClientDebug|x64
		{F8E726FC-4996-4616-8BEE-4ED3B5C41503}.Debug|x64.ActiveCfg = Debug|x64
		{F8E726FC-4996-4616-8BEE-4ED3B5C41503}.Debug|x64.Build.0 = Debug|x64
		{F8E726FC-4996-4616-8BEE-4ED3B5C41503}.ServerDebug|x64.ActiveCfg = ServerDebug|x64
		{F8E726FC-4996-4616-8BEE-4ED3B5C41503}.ServerDebug|x64.Build.0 = ServerDebug|x64
		{F0567100-4DC8-4199-9D4A-900C7CC76521}.ClientDebug|x64.ActiveCfg = ClientDebug|x64
		{F0567100-4DC8-4199-9D4A-900C7CC76521}.ClientDebug|x64.Build.0 = ClientDebug|x64
		{F0567100-4DC8-4199-9D4A-900C7CC76521}.Debug|x64.ActiveCfg = ServerDebug|x64
		{F0567100-4DC8-4199-9D4A-900C7CC76521}.Debug|x64.Build.0 = ServerDebug|x64
		{F0567100-4DC8-4199-9D4A-900C7CC76521}.ServerDebug|x64.ActiveCfg = ServerDebug|x64
		{F0567100-4DC8-4199-9D4A-900C7CC76521}.ServerDebug|x64.Build.0 = ServerDebug|x64
	EndGlobalSection
	GlobalSection(SolutionProperties) = preSolution
		HideSolutionNode = FALSE
	EndGlobalSection
	GlobalSection(ExtensibilityGlobals) = postSolution
		SolutionGuid = {11538501-846C-4CE7-9AA6-3D197CC5FDE1}
	EndGlobalSection
EndGlobal
